
Microsoft Visual Studio Solution File, Format Version 12.00
# Visual Studio Version 17
VisualStudioVersion = 17.3.32929.385
MinimumVisualStudioVersion = 10.0.40219.1
Project("{FAE04EC0-301F-11D3-BF4B-00C04F79EFBC}") = "MyTelerikProject", "MyTelerikProject\MyTelerikProject.csproj", "{DB49172A-5709-4563-A8BA-CD6BA6269D19}"
EndProject
Global
	GlobalSection(SolutionConfigurationPlatforms) = preSolution
		Debug|Any CPU = Debug|Any CPU
		Release|Any CPU = Release|Any CPU
	EndGlobalSection
	GlobalSection(ProjectConfigurationPlatforms) = postSolution
		{DB49172A-5709-4563-A8BA-CD6BA6269D19}.Debug|Any CPU.ActiveCfg = Debug|Any CPU
		{DB49172A-5709-4563-A8BA-CD6BA6269D19}.Debug|Any CPU.Build.0 = Debug|Any CPU
		{DB49172A-5709-4563-A8BA-CD6BA6269D19}.Release|Any CPU.ActiveCfg = Release|Any CPU
		{DB49172A-5709-4563-A8BA-CD6BA6269D19}.Release|Any CPU.Build.0 = Release|Any CPU
	EndGlobalSection
	GlobalSection(SolutionProperties) = preSolution
		HideSolutionNode = FALSE
	EndGlobalSection
	GlobalSection(ExtensibilityGlobals) = postSolution
		SolutionGuid = {DF34BF9A-12BA-4E4C-92C1-45DC08369762}
	EndGlobalSection
EndGlobal
